
Microsoft Visual Studio Solution File, Format Version 12.00
# Visual Studio Version 17
VisualStudioVersion = 17.14.36414.22
MinimumVisualStudioVersion = 10.0.40219.1
Project("{FAE04EC0-301F-11D3-BF4B-00C04F79EFBC}") = "DPS.MRPReport", "DPS.MRPReport\DPS.MRPReport.csproj", "{B6B25D77-C108-4D36-92C3-E5DB45B4D310}"
EndProject
Project("{2150E333-8FDC-42A3-9474-1A3956D46DE8}") = "Solution Items", "Solution Items", "{02EA681E-C7D8-13C7-8484-4AC65E1B71E8}"
	ProjectSection(SolutionItems) = preProject
		Directory.Build.props = Directory.Build.props
		global.json = global.json
	EndProjectSection
EndProject
Project("{FAE04EC0-301F-11D3-BF4B-00C04F79EFBC}") = "DPS.MRPReport.UI", "DPS.MRPReport.UI\DPS.MRPReport.UI.csproj", "{4D84F1D4-EABB-442A-A063-986F499B14CD}"
EndProject
Global
	GlobalSection(SolutionConfigurationPlatforms) = preSolution
		Debug|Any CPU = Debug|Any CPU
		Release|Any CPU = Release|Any CPU
	EndGlobalSection
	GlobalSection(ProjectConfigurationPlatforms) = postSolution
		{B6B25D77-C108-4D36-92C3-E5DB45B4D310}.Debug|Any CPU.ActiveCfg = Debug|Any CPU
		{B6B25D77-C108-4D36-92C3-E5DB45B4D310}.Debug|Any CPU.Build.0 = Debug|Any CPU
		{B6B25D77-C108-4D36-92C3-E5DB45B4D310}.Release|Any CPU.ActiveCfg = Release|Any CPU
		{B6B25D77-C108-4D36-92C3-E5DB45B4D310}.Release|Any CPU.Build.0 = Release|Any CPU
		{4D84F1D4-EABB-442A-A063-986F499B14CD}.Debug|Any CPU.ActiveCfg = Debug|Any CPU
		{4D84F1D4-EABB-442A-A063-986F499B14CD}.Debug|Any CPU.Build.0 = Debug|Any CPU
		{4D84F1D4-EABB-442A-A063-986F499B14CD}.Release|Any CPU.ActiveCfg = Release|Any CPU
		{4D84F1D4-EABB-442A-A063-986F499B14CD}.Release|Any CPU.Build.0 = Release|Any CPU
	EndGlobalSection
	GlobalSection(SolutionProperties) = preSolution
		HideSolutionNode = FALSE
	EndGlobalSection
	GlobalSection(ExtensibilityGlobals) = postSolution
		SolutionGuid = {C8BA0646-3CA8-43DD-9209-245B1F2D4C5F}
	EndGlobalSection
EndGlobal
